<?xml version="1.0" encoding="UTF-8" standalone="yes" ?>
<CodeBlocks_project_file>
	<FileVersion major="1" minor="6" />
	<Project>
		<Option title="Arboles" />
		<Option pch_mode="2" />
		<Option compiler="gcc" />
		<Build>
			<Target title="Debug">
				<Option output="bin/Debug/Arboles" prefix_auto="1" extension_auto="1" />
				<Option object_output="obj/Debug/" />
				<Option type="1" />
				<Option compiler="gcc" />
				<Compiler>
					<Add option="-g" />
				</Compiler>
			</Target>
			<Target title="Release">
				<Option output="bin/Release/Arboles" prefix_auto="1" extension_auto="1" />
				<Option object_output="obj/Release/" />
				<Option type="1" />
				<Option compiler="gcc" />
				<Compiler>
					<Add option="-O2" />
				</Compiler>
				<Linker>
					<Add option="-s" />
				</Linker>
			</Target>
		</Build>
		<Compiler>
			<Add option="-Wall" />
			<Add option="-fexceptions" />
		</Compiler>
		<Unit filename="ArbolAVL.cpp" />
		<Unit filename="ArbolAVL.h" />
		<Unit filename="ArbolBinario.cpp" />
		<Unit filename="ArbolBinario.h" />
		<Unit filename="Cola.cpp" />
		<Unit filename="Cola.h" />
		<Unit filename="Grafos.cpp" />
		<Unit filename="Grafos.h" />
		<Unit filename="ListaDobleEnl.cpp" />
		<Unit filename="ListaDobleEnl.h" />
		<Unit filename="ListaSimpl.cpp" />
		<Unit filename="ListaSimpl.h" />
		<Unit filename="Pila.cpp" />
		<Unit filename="Pila.h" />
		<Unit filename="User.cpp" />
		<Unit filename="User.h" />
		<Unit filename="main.cpp" />
		<Extensions>
			<lib_finder disable_auto="1" />
		</Extensions>
	</Project>
</CodeBlocks_project_file>
